<?xml version="1.0" encoding="utf-8"?>
<Project ToolsVersion="4.0" xmlns="http://schemas.microsoft.com/developer/msbuild/2003">
  <ItemGroup>
    <Filter Include="Commands">
      <UniqueIdentifier>{202b0d4b-11fc-4bd6-a17e-51e9e6f865a9}</UniqueIdentifier>
    </Filter>
    <Filter Include="Components">
      <UniqueIdentifier>{79ccf9b8-6b8e-4a13-b97a-f712ecca59bf}</UniqueIdentifier>
    </Filter>
    <Filter Include="Scenes">
      <UniqueIdentifier>{60d9346a-fd6d-4041-b92f-f3869ae10c7b}</UniqueIdentifier>
    </Filter>
    <Filter Include="Commands\Lab">
      <UniqueIdentifier>{83e16257-f3a8-44f1-be1b-73422afc6927}</UniqueIdentifier>
    </Filter>
    <Filter Include="Components\Lab">
      <UniqueIdentifier>{3caf9522-0a8e-4473-af9c-401a9e892e1c}</UniqueIdentifier>
    </Filter>
    <Filter Include="Scenes\Lab">
      <UniqueIdentifier>{ecc38ecf-9f28-424d-b111-c0de529f1f35}</UniqueIdentifier>
    </Filter>
    <Filter Include="Util">
      <UniqueIdentifier>{dc1961b0-5af5-4b95-87fa-4754f99e6dc2}</UniqueIdentifier>
    </Filter>
    <Filter Include="Level">
      <UniqueIdentifier>{ddb1eee0-98c2-4050-93c9-4d39c79ccdb4}</UniqueIdentifier>
    </Filter>
    <Filter Include="Prefabs">
      <UniqueIdentifier>{ba3f8161-5b85-40fd-9de2-e710290523cc}</UniqueIdentifier>
    </Filter>
    <Filter Include="Managers">
      <UniqueIdentifier>{9c750189-214e-4220-ab00-d8c6a099a37b}</UniqueIdentifier>
    </Filter>
    <Filter Include="Components\Player">
      <UniqueIdentifier>{898b019a-7ae5-4973-9ff4-efd88390d59f}</UniqueIdentifier>
    </Filter>
    <Filter Include="Components\Enemy">
      <UniqueIdentifier>{f4d24849-0887-41f9-ada3-e1c831ad0096}</UniqueIdentifier>
    </Filter>
  </ItemGroup>
  <ItemGroup>
    <ClCompile Include="main.cpp" />
    <ClCompile Include="ChangeScoreCommand.cpp">
      <Filter>Commands\Lab</Filter>
    </ClCompile>
    <ClCompile Include="DamageCommand.cpp">
      <Filter>Commands\Lab</Filter>
    </ClCompile>
    <ClCompile Include="LoadSceneCommand.cpp">
      <Filter>Commands\Lab</Filter>
    </ClCompile>
    <ClCompile Include="LabMoveCommand.cpp">
      <Filter>Commands\Lab</Filter>
    </ClCompile>
    <ClCompile Include="LabScene.cpp">
      <Filter>Scenes\Lab</Filter>
    </ClCompile>
    <ClCompile Include="TestSecondScene.cpp">
      <Filter>Scenes\Lab</Filter>
    </ClCompile>
    <ClCompile Include="ColliderTest.cpp">
      <Filter>Components\Lab</Filter>
    </ClCompile>
    <ClCompile Include="FPSCounter.cpp">
      <Filter>Components\Lab</Filter>
    </ClCompile>
    <ClCompile Include="LivesDisplay.cpp">
      <Filter>Components\Lab</Filter>
    </ClCompile>
    <ClCompile Include="Player.cpp">
      <Filter>Components\Lab</Filter>
    </ClCompile>
    <ClCompile Include="Rotator.cpp">
      <Filter>Components\Lab</Filter>
    </ClCompile>
    <ClCompile Include="ScoreDisplay.cpp">
      <Filter>Components\Lab</Filter>
    </ClCompile>
    <ClCompile Include="TrashTheCache.cpp">
      <Filter>Components\Lab</Filter>
    </ClCompile>
    <ClCompile Include="Level01.cpp">
      <Filter>Scenes</Filter>
    </ClCompile>
    <ClCompile Include="LevelParser.cpp">
      <Filter>Level</Filter>
    </ClCompile>
    <ClCompile Include="IcePrefab.cpp">
      <Filter>Prefabs</Filter>
    </ClCompile>
    <ClCompile Include="StarBlockPrefab.cpp">
      <Filter>Prefabs</Filter>
    </ClCompile>
    <ClCompile Include="HiddenEggPrefab.cpp">
      <Filter>Prefabs</Filter>
    </ClCompile>
    <ClCompile Include="WallPrefab.cpp">
      <Filter>Prefabs</Filter>
    </ClCompile>
    <ClCompile Include="LevelGenerator.cpp">
      <Filter>Level</Filter>
    </ClCompile>
    <ClCompile Include="PlayerPrefab.cpp">
      <Filter>Prefabs</Filter>
    </ClCompile>
    <ClCompile Include="Maze.cpp">
      <Filter>Components</Filter>
    </ClCompile>
    <ClCompile Include="Move.cpp">
      <Filter>Components</Filter>
    </ClCompile>
    <ClCompile Include="MoveCommand.cpp">
      <Filter>Commands</Filter>
    </ClCompile>
    <ClCompile Include="InteractCommand.cpp">
      <Filter>Commands</Filter>
    </ClCompile>
    <ClCompile Include="PlayerManager.cpp">
      <Filter>Managers</Filter>
    </ClCompile>
    <ClCompile Include="IceBlock.cpp">
      <Filter>Components</Filter>
    </ClCompile>
    <ClCompile Include="Wall.cpp">
      <Filter>Components</Filter>
    </ClCompile>
    <ClCompile Include="HiddenEgg.cpp">
      <Filter>Components</Filter>
    </ClCompile>
    <ClCompile Include="EnemyPrefab.cpp">
      <Filter>Prefabs</Filter>
    </ClCompile>
    <ClCompile Include="Pushable.cpp">
      <Filter>Components</Filter>
    </ClCompile>
    <ClCompile Include="Enemy.cpp">
      <Filter>Components\Enemy</Filter>
    </ClCompile>
    <ClCompile Include="EnemyHandler.cpp">
      <Filter>Components\Enemy</Filter>
    </ClCompile>
    <ClCompile Include="Interact.cpp">
      <Filter>Components\Player</Filter>
    </ClCompile>
    <ClCompile Include="StarBlockManager.cpp">
      <Filter>Components</Filter>
    </ClCompile>
  </ItemGroup>
  <ItemGroup>
    <ClInclude Include="ChangeScoreCommand.h">
      <Filter>Commands\Lab</Filter>
    </ClInclude>
    <ClInclude Include="DamageCommand.h">
      <Filter>Commands\Lab</Filter>
    </ClInclude>
    <ClInclude Include="LoadSceneCommand.h">
      <Filter>Commands\Lab</Filter>
    </ClInclude>
    <ClInclude Include="LabMoveCommand.h">
      <Filter>Commands\Lab</Filter>
    </ClInclude>
    <ClInclude Include="LabScene.h">
      <Filter>Scenes\Lab</Filter>
    </ClInclude>
    <ClInclude Include="TestSecondScene.h">
      <Filter>Scenes\Lab</Filter>
    </ClInclude>
    <ClInclude Include="ColliderTest.h">
      <Filter>Components\Lab</Filter>
    </ClInclude>
    <ClInclude Include="FPSCounter.h">
      <Filter>Components\Lab</Filter>
    </ClInclude>
    <ClInclude Include="LivesDisplay.h">
      <Filter>Components\Lab</Filter>
    </ClInclude>
    <ClInclude Include="Player.h">
      <Filter>Components\Lab</Filter>
    </ClInclude>
    <ClInclude Include="Rotator.h">
      <Filter>Components\Lab</Filter>
    </ClInclude>
    <ClInclude Include="ScoreDisplay.h">
      <Filter>Components\Lab</Filter>
    </ClInclude>
    <ClInclude Include="TrashTheCache.h">
      <Filter>Components\Lab</Filter>
    </ClInclude>
    <ClInclude Include="Macros.h">
      <Filter>Util</Filter>
    </ClInclude>
    <ClInclude Include="Level01.h">
      <Filter>Scenes</Filter>
    </ClInclude>
    <ClInclude Include="LevelParser.h">
      <Filter>Level</Filter>
    </ClInclude>
    <ClInclude Include="IcePrefab.h">
      <Filter>Prefabs</Filter>
    </ClInclude>
    <ClInclude Include="StarBlockPrefab.h">
      <Filter>Prefabs</Filter>
    </ClInclude>
    <ClInclude Include="HiddenEggPrefab.h">
      <Filter>Prefabs</Filter>
    </ClInclude>
    <ClInclude Include="WallPrefab.h">
      <Filter>Prefabs</Filter>
    </ClInclude>
    <ClInclude Include="GameInfo.h">
      <Filter>Util</Filter>
    </ClInclude>
    <ClInclude Include="LevelGenerator.h">
      <Filter>Level</Filter>
    </ClInclude>
    <ClInclude Include="PlayerPrefab.h">
      <Filter>Prefabs</Filter>
    </ClInclude>
    <ClInclude Include="Maze.h">
      <Filter>Components</Filter>
    </ClInclude>
    <ClInclude Include="Move.h">
      <Filter>Components</Filter>
    </ClInclude>
    <ClInclude Include="MoveCommand.h">
      <Filter>Commands</Filter>
    </ClInclude>
    <ClInclude Include="GameUtil.h">
      <Filter>Util</Filter>
    </ClInclude>
    <ClInclude Include="InteractCommand.h">
      <Filter>Commands</Filter>
    </ClInclude>
    <ClInclude Include="PlayerManager.h">
      <Filter>Managers</Filter>
    </ClInclude>
    <ClInclude Include="IceBlock.h">
      <Filter>Components</Filter>
    </ClInclude>
    <ClInclude Include="Wall.h">
      <Filter>Components</Filter>
    </ClInclude>
    <ClInclude Include="HiddenEgg.h">
      <Filter>Components</Filter>
    </ClInclude>
    <ClInclude Include="EnemyPrefab.h">
      <Filter>Prefabs</Filter>
    </ClInclude>
    <ClInclude Include="Pushable.h">
      <Filter>Components</Filter>
    </ClInclude>
    <ClInclude Include="Enemy.h">
      <Filter>Components\Enemy</Filter>
    </ClInclude>
    <ClInclude Include="EnemyHandler.h">
      <Filter>Components\Enemy</Filter>
    </ClInclude>
    <ClInclude Include="Interact.h">
      <Filter>Components\Player</Filter>
    </ClInclude>
    <ClInclude Include="StarBlockManager.h">
      <Filter>Components</Filter>
    </ClInclude>
  </ItemGroup>
</Project>