<?xml version="1.0" encoding="utf-8"?>
<Project ToolsVersion="4.0" xmlns="http://schemas.microsoft.com/developer/msbuild/2003">
  <ItemGroup>
    <Filter Include="Commands">
      <UniqueIdentifier>{202b0d4b-11fc-4bd6-a17e-51e9e6f865a9}</UniqueIdentifier>
    </Filter>
    <Filter Include="Components">
      <UniqueIdentifier>{79ccf9b8-6b8e-4a13-b97a-f712ecca59bf}</UniqueIdentifier>
    </Filter>
    <Filter Include="Scenes">
      <UniqueIdentifier>{60d9346a-fd6d-4041-b92f-f3869ae10c7b}</UniqueIdentifier>
    </Filter>
    <Filter Include="Util">
      <UniqueIdentifier>{dc1961b0-5af5-4b95-87fa-4754f99e6dc2}</UniqueIdentifier>
    </Filter>
    <Filter Include="Level">
      <UniqueIdentifier>{ddb1eee0-98c2-4050-93c9-4d39c79ccdb4}</UniqueIdentifier>
    </Filter>
    <Filter Include="Managers">
      <UniqueIdentifier>{9c750189-214e-4220-ab00-d8c6a099a37b}</UniqueIdentifier>
    </Filter>
    <Filter Include="Components\Player">
      <UniqueIdentifier>{898b019a-7ae5-4973-9ff4-efd88390d59f}</UniqueIdentifier>
    </Filter>
    <Filter Include="Components\Enemy">
      <UniqueIdentifier>{f4d24849-0887-41f9-ada3-e1c831ad0096}</UniqueIdentifier>
    </Filter>
    <Filter Include="Components\Blocks">
      <UniqueIdentifier>{b8f35789-723f-4bc2-85ea-4888eb1a652d}</UniqueIdentifier>
    </Filter>
    <Filter Include="Components\Util">
      <UniqueIdentifier>{a063c170-37a8-4a03-973c-693c3d2d3ddd}</UniqueIdentifier>
    </Filter>
    <Filter Include="Components\Menu">
      <UniqueIdentifier>{83a72dd9-8a3e-496d-afb7-8a991b27178d}</UniqueIdentifier>
    </Filter>
    <Filter Include="Components\Enemy\State">
      <UniqueIdentifier>{9b998abb-a795-4d80-9f28-94e3319b6d97}</UniqueIdentifier>
    </Filter>
    <Filter Include="HUD">
      <UniqueIdentifier>{fbcefef6-90a8-439e-a382-e4a1a2b84fef}</UniqueIdentifier>
    </Filter>
    <Filter Include="HUD\Components">
      <UniqueIdentifier>{eba9a8a2-1f06-4c4c-9a69-aeec5f17fe19}</UniqueIdentifier>
    </Filter>
    <Filter Include="Prefabs">
      <UniqueIdentifier>{ba3f8161-5b85-40fd-9de2-e710290523cc}</UniqueIdentifier>
    </Filter>
    <Filter Include="Components\StartScreen">
      <UniqueIdentifier>{20c958e2-9bc4-4dc1-aca4-e3e9a1aa0818}</UniqueIdentifier>
    </Filter>
  </ItemGroup>
  <ItemGroup>
    <ClCompile Include="main.cpp" />
    <ClCompile Include="Level.cpp">
      <Filter>Scenes</Filter>
    </ClCompile>
    <ClCompile Include="LevelParser.cpp">
      <Filter>Level</Filter>
    </ClCompile>
    <ClCompile Include="IcePrefab.cpp">
      <Filter>Prefabs</Filter>
    </ClCompile>
    <ClCompile Include="StarBlockPrefab.cpp">
      <Filter>Prefabs</Filter>
    </ClCompile>
    <ClCompile Include="HiddenEggPrefab.cpp">
      <Filter>Prefabs</Filter>
    </ClCompile>
    <ClCompile Include="WallPrefab.cpp">
      <Filter>Prefabs</Filter>
    </ClCompile>
    <ClCompile Include="LevelGenerator.cpp">
      <Filter>Level</Filter>
    </ClCompile>
    <ClCompile Include="PlayerPrefab.cpp">
      <Filter>Prefabs</Filter>
    </ClCompile>
    <ClCompile Include="MoveCommand.cpp">
      <Filter>Commands</Filter>
    </ClCompile>
    <ClCompile Include="InteractCommand.cpp">
      <Filter>Commands</Filter>
    </ClCompile>
    <ClCompile Include="PlayerManager.cpp">
      <Filter>Managers</Filter>
    </ClCompile>
    <ClCompile Include="EnemyPrefab.cpp">
      <Filter>Prefabs</Filter>
    </ClCompile>
    <ClCompile Include="Enemy.cpp">
      <Filter>Components\Enemy</Filter>
    </ClCompile>
    <ClCompile Include="EnemyHandler.cpp">
      <Filter>Components\Enemy</Filter>
    </ClCompile>
    <ClCompile Include="Interact.cpp">
      <Filter>Components\Player</Filter>
    </ClCompile>
    <ClCompile Include="StarBlockManager.cpp">
      <Filter>Components\Blocks</Filter>
    </ClCompile>
    <ClCompile Include="Wall.cpp">
      <Filter>Components\Blocks</Filter>
    </ClCompile>
    <ClCompile Include="HiddenEgg.cpp">
      <Filter>Components\Blocks</Filter>
    </ClCompile>
    <ClCompile Include="IceBlock.cpp">
      <Filter>Components\Blocks</Filter>
    </ClCompile>
    <ClCompile Include="Maze.cpp">
      <Filter>Components\Util</Filter>
    </ClCompile>
    <ClCompile Include="Move.cpp">
      <Filter>Components\Util</Filter>
    </ClCompile>
    <ClCompile Include="Pushable.cpp">
      <Filter>Components\Util</Filter>
    </ClCompile>
    <ClCompile Include="Game.cpp">
      <Filter>Components\Util</Filter>
    </ClCompile>
    <ClCompile Include="PrintMazeCommand.cpp">
      <Filter>Commands</Filter>
    </ClCompile>
    <ClCompile Include="BonusTimeMenu.cpp">
      <Filter>Scenes</Filter>
    </ClCompile>
    <ClCompile Include="BonusTime.cpp">
      <Filter>Components\Menu</Filter>
    </ClCompile>
    <ClCompile Include="StunState.cpp">
      <Filter>Components\Enemy\State</Filter>
    </ClCompile>
    <ClCompile Include="MoveState.cpp">
      <Filter>Components\Enemy\State</Filter>
    </ClCompile>
    <ClCompile Include="PushedState.cpp">
      <Filter>Components\Enemy\State</Filter>
    </ClCompile>
    <ClCompile Include="DiedState.cpp">
      <Filter>Components\Enemy\State</Filter>
    </ClCompile>
    <ClCompile Include="SpawnState.cpp">
      <Filter>Components\Enemy\State</Filter>
    </ClCompile>
    <ClCompile Include="HUD.cpp">
      <Filter>HUD</Filter>
    </ClCompile>
    <ClCompile Include="ScoreDisplay.cpp">
      <Filter>HUD\Components</Filter>
    </ClCompile>
    <ClCompile Include="Player.cpp">
      <Filter>Components\Player</Filter>
    </ClCompile>
    <ClCompile Include="HealthDisplay.cpp">
      <Filter>HUD\Components</Filter>
    </ClCompile>
    <ClCompile Include="StartMenu.cpp">
      <Filter>Scenes</Filter>
    </ClCompile>
    <ClCompile Include="GameOverMenu.cpp">
      <Filter>Scenes</Filter>
    </ClCompile>
    <ClCompile Include="StartGameCommand.cpp">
      <Filter>Commands</Filter>
    </ClCompile>
    <ClCompile Include="EnterName.cpp">
      <Filter>HUD\Components</Filter>
    </ClCompile>
    <ClCompile Include="HandleNameCommand.cpp">
      <Filter>Commands</Filter>
    </ClCompile>
    <ClCompile Include="StartScreen.cpp">
      <Filter>Components\StartScreen</Filter>
    </ClCompile>
    <ClCompile Include="SelectMode.cpp">
      <Filter>Components\StartScreen</Filter>
    </ClCompile>
    <ClCompile Include="SelectModeCommand.cpp">
      <Filter>Commands</Filter>
    </ClCompile>
    <ClCompile Include="JoinInstructions.cpp">
      <Filter>Components\StartScreen</Filter>
    </ClCompile>
    <ClCompile Include="PlayerJoinCommand.cpp">
      <Filter>Commands</Filter>
    </ClCompile>
  </ItemGroup>
  <ItemGroup>
    <ClInclude Include="Macros.h">
      <Filter>Util</Filter>
    </ClInclude>
    <ClInclude Include="Level.h">
      <Filter>Scenes</Filter>
    </ClInclude>
    <ClInclude Include="LevelParser.h">
      <Filter>Level</Filter>
    </ClInclude>
    <ClInclude Include="IcePrefab.h">
      <Filter>Prefabs</Filter>
    </ClInclude>
    <ClInclude Include="StarBlockPrefab.h">
      <Filter>Prefabs</Filter>
    </ClInclude>
    <ClInclude Include="HiddenEggPrefab.h">
      <Filter>Prefabs</Filter>
    </ClInclude>
    <ClInclude Include="WallPrefab.h">
      <Filter>Prefabs</Filter>
    </ClInclude>
    <ClInclude Include="GameInfo.h">
      <Filter>Util</Filter>
    </ClInclude>
    <ClInclude Include="LevelGenerator.h">
      <Filter>Level</Filter>
    </ClInclude>
    <ClInclude Include="PlayerPrefab.h">
      <Filter>Prefabs</Filter>
    </ClInclude>
    <ClInclude Include="MoveCommand.h">
      <Filter>Commands</Filter>
    </ClInclude>
    <ClInclude Include="GameUtil.h">
      <Filter>Util</Filter>
    </ClInclude>
    <ClInclude Include="InteractCommand.h">
      <Filter>Commands</Filter>
    </ClInclude>
    <ClInclude Include="PlayerManager.h">
      <Filter>Managers</Filter>
    </ClInclude>
    <ClInclude Include="EnemyPrefab.h">
      <Filter>Prefabs</Filter>
    </ClInclude>
    <ClInclude Include="Enemy.h">
      <Filter>Components\Enemy</Filter>
    </ClInclude>
    <ClInclude Include="EnemyHandler.h">
      <Filter>Components\Enemy</Filter>
    </ClInclude>
    <ClInclude Include="Interact.h">
      <Filter>Components\Player</Filter>
    </ClInclude>
    <ClInclude Include="StarBlockManager.h">
      <Filter>Components\Blocks</Filter>
    </ClInclude>
    <ClInclude Include="Wall.h">
      <Filter>Components\Blocks</Filter>
    </ClInclude>
    <ClInclude Include="HiddenEgg.h">
      <Filter>Components\Blocks</Filter>
    </ClInclude>
    <ClInclude Include="IceBlock.h">
      <Filter>Components\Blocks</Filter>
    </ClInclude>
    <ClInclude Include="Maze.h">
      <Filter>Components\Util</Filter>
    </ClInclude>
    <ClInclude Include="Move.h">
      <Filter>Components\Util</Filter>
    </ClInclude>
    <ClInclude Include="Pushable.h">
      <Filter>Components\Util</Filter>
    </ClInclude>
    <ClInclude Include="Game.h">
      <Filter>Components\Util</Filter>
    </ClInclude>
    <ClInclude Include="PrintMazeCommand.h">
      <Filter>Commands</Filter>
    </ClInclude>
    <ClInclude Include="BonusTimeMenu.h">
      <Filter>Scenes</Filter>
    </ClInclude>
    <ClInclude Include="BonusTime.h">
      <Filter>Components\Menu</Filter>
    </ClInclude>
    <ClInclude Include="StunState.h">
      <Filter>Components\Enemy\State</Filter>
    </ClInclude>
    <ClInclude Include="IEnemyState.h">
      <Filter>Components\Enemy\State</Filter>
    </ClInclude>
    <ClInclude Include="MoveState.h">
      <Filter>Components\Enemy\State</Filter>
    </ClInclude>
    <ClInclude Include="PushedState.h">
      <Filter>Components\Enemy\State</Filter>
    </ClInclude>
    <ClInclude Include="DiedState.h">
      <Filter>Components\Enemy\State</Filter>
    </ClInclude>
    <ClInclude Include="SpawnState.h">
      <Filter>Components\Enemy\State</Filter>
    </ClInclude>
    <ClInclude Include="HUD.h">
      <Filter>HUD</Filter>
    </ClInclude>
    <ClInclude Include="ScoreDisplay.h">
      <Filter>HUD\Components</Filter>
    </ClInclude>
    <ClInclude Include="Player.h">
      <Filter>Components\Player</Filter>
    </ClInclude>
    <ClInclude Include="HealthDisplay.h">
      <Filter>HUD\Components</Filter>
    </ClInclude>
    <ClInclude Include="StartMenu.h">
      <Filter>Scenes</Filter>
    </ClInclude>
    <ClInclude Include="GameOverMenu.h">
      <Filter>Scenes</Filter>
    </ClInclude>
    <ClInclude Include="StartGameCommand.h">
      <Filter>Commands</Filter>
    </ClInclude>
    <ClInclude Include="EnterName.h">
      <Filter>HUD\Components</Filter>
    </ClInclude>
    <ClInclude Include="HandleNameCommand.h">
      <Filter>Commands</Filter>
    </ClInclude>
    <ClInclude Include="StartScreen.h">
      <Filter>Components\StartScreen</Filter>
    </ClInclude>
    <ClInclude Include="SelectMode.h">
      <Filter>Components\StartScreen</Filter>
    </ClInclude>
    <ClInclude Include="SelectModeCommand.h">
      <Filter>Commands</Filter>
    </ClInclude>
    <ClInclude Include="JoinInstructions.h">
      <Filter>Components\StartScreen</Filter>
    </ClInclude>
    <ClInclude Include="PlayerJoinCommand.h">
      <Filter>Commands</Filter>
    </ClInclude>
  </ItemGroup>
</Project>