<?xml version="1.0" encoding="utf-8"?>
<Project ToolsVersion="4.0" xmlns="http://schemas.microsoft.com/developer/msbuild/2003">
  <ItemGroup>
    <Filter Include="Command">
      <UniqueIdentifier>{a1e15a11-e8a5-4e73-bd21-1fff81675031}</UniqueIdentifier>
    </Filter>
    <Filter Include="Components">
      <UniqueIdentifier>{31a5558e-5f15-4fc7-a164-40566fcbc252}</UniqueIdentifier>
    </Filter>
    <Filter Include="Components\Core">
      <UniqueIdentifier>{56a5e258-bbc1-440d-8267-d3c05941ed4e}</UniqueIdentifier>
    </Filter>
    <Filter Include="Components\Base">
      <UniqueIdentifier>{c9c30acf-6d8b-4f4e-9ef7-c135d1647cd1}</UniqueIdentifier>
    </Filter>
    <Filter Include="GameObject">
      <UniqueIdentifier>{6f830f21-9b55-4747-939d-a94f21bbcfa5}</UniqueIdentifier>
    </Filter>
    <Filter Include="Input">
      <UniqueIdentifier>{3a9fa3bd-6a37-4e72-b286-1c425c3f58c5}</UniqueIdentifier>
    </Filter>
    <Filter Include="Observer">
      <UniqueIdentifier>{9652b363-caa8-4000-a9d4-e952058bc69a}</UniqueIdentifier>
    </Filter>
    <Filter Include="Scene">
      <UniqueIdentifier>{ffae2af7-75ad-4696-8585-6826dc0b67c0}</UniqueIdentifier>
    </Filter>
    <Filter Include="Util">
      <UniqueIdentifier>{b76a6d16-4e80-415f-82b0-d0917c79d17a}</UniqueIdentifier>
    </Filter>
    <Filter Include="ImGui">
      <UniqueIdentifier>{76c63104-6ac5-4022-85d6-b7b10ded5d77}</UniqueIdentifier>
    </Filter>
    <Filter Include="Locator">
      <UniqueIdentifier>{91e703df-8c73-43c6-b935-f99ea8e1ed4c}</UniqueIdentifier>
    </Filter>
    <Filter Include="Audio">
      <UniqueIdentifier>{ef9d344c-aeff-480b-a475-652deca42d19}</UniqueIdentifier>
    </Filter>
  </ItemGroup>
  <ItemGroup>
    <ClCompile Include="Command.cpp">
      <Filter>Command</Filter>
    </ClCompile>
    <ClCompile Include="Component.cpp">
      <Filter>Components\Base</Filter>
    </ClCompile>
    <ClCompile Include="DrawableComponent.cpp">
      <Filter>Components\Base</Filter>
    </ClCompile>
    <ClCompile Include="GameObject.cpp">
      <Filter>GameObject</Filter>
    </ClCompile>
    <ClCompile Include="GamePad.cpp">
      <Filter>Input</Filter>
    </ClCompile>
    <ClCompile Include="InputManager.cpp">
      <Filter>Input</Filter>
    </ClCompile>
    <ClCompile Include="InputMap.cpp">
      <Filter>Input</Filter>
    </ClCompile>
    <ClCompile Include="Subject.cpp">
      <Filter>Observer</Filter>
    </ClCompile>
    <ClCompile Include="Observer.cpp">
      <Filter>Observer</Filter>
    </ClCompile>
    <ClCompile Include="Scene.cpp">
      <Filter>Scene</Filter>
    </ClCompile>
    <ClCompile Include="SceneManager.cpp">
      <Filter>Scene</Filter>
    </ClCompile>
    <ClCompile Include="Prefab.cpp">
      <Filter>GameObject</Filter>
    </ClCompile>
    <ClCompile Include="GameTime.cpp">
      <Filter>Util</Filter>
    </ClCompile>
    <ClCompile Include="Logger.cpp">
      <Filter>Util</Filter>
    </ClCompile>
    <ClCompile Include="Transform.cpp">
      <Filter>Components\Core</Filter>
    </ClCompile>
    <ClCompile Include="imgui.cpp">
      <Filter>ImGui</Filter>
    </ClCompile>
    <ClCompile Include="imgui_demo.cpp">
      <Filter>ImGui</Filter>
    </ClCompile>
    <ClCompile Include="imgui_draw.cpp">
      <Filter>ImGui</Filter>
    </ClCompile>
    <ClCompile Include="imgui_tables.cpp">
      <Filter>ImGui</Filter>
    </ClCompile>
    <ClCompile Include="imgui_widgets.cpp">
      <Filter>ImGui</Filter>
    </ClCompile>
    <ClCompile Include="implot.cpp">
      <Filter>ImGui</Filter>
    </ClCompile>
    <ClCompile Include="implot_demo.cpp">
      <Filter>ImGui</Filter>
    </ClCompile>
    <ClCompile Include="implot_items.cpp">
      <Filter>ImGui</Filter>
    </ClCompile>
    <ClCompile Include="imgui_impl_sdl2.cpp">
      <Filter>ImGui</Filter>
    </ClCompile>
    <ClCompile Include="Utils.cpp">
      <Filter>Util</Filter>
    </ClCompile>
    <ClCompile Include="Locator.cpp">
      <Filter>Locator</Filter>
    </ClCompile>
    <ClCompile Include="SDLAudio.cpp">
      <Filter>Audio</Filter>
    </ClCompile>
    <ClCompile Include="LogAudio.cpp">
      <Filter>Audio</Filter>
    </ClCompile>
    <ClCompile Include="EngineBase.cpp" />
  </ItemGroup>
  <ItemGroup>
    <ClInclude Include="Command.h">
      <Filter>Command</Filter>
    </ClInclude>
    <ClInclude Include="DrawableComponent.h">
      <Filter>Components\Base</Filter>
    </ClInclude>
    <ClInclude Include="Component.h">
      <Filter>Components\Base</Filter>
    </ClInclude>
    <ClInclude Include="GameObject.h">
      <Filter>GameObject</Filter>
    </ClInclude>
    <ClInclude Include="GamePad.h">
      <Filter>Input</Filter>
    </ClInclude>
    <ClInclude Include="InputManager.h">
      <Filter>Input</Filter>
    </ClInclude>
    <ClInclude Include="InputMap.h">
      <Filter>Input</Filter>
    </ClInclude>
    <ClInclude Include="InputTypes.h">
      <Filter>Input</Filter>
    </ClInclude>
    <ClInclude Include="Subject.h">
      <Filter>Observer</Filter>
    </ClInclude>
    <ClInclude Include="Observer.h">
      <Filter>Observer</Filter>
    </ClInclude>
    <ClInclude Include="Scene.h">
      <Filter>Scene</Filter>
    </ClInclude>
    <ClInclude Include="SceneManager.h">
      <Filter>Scene</Filter>
    </ClInclude>
    <ClInclude Include="Prefab.h">
      <Filter>GameObject</Filter>
    </ClInclude>
    <ClInclude Include="Singleton.h">
      <Filter>Util</Filter>
    </ClInclude>
    <ClInclude Include="Colors.h">
      <Filter>Util</Filter>
    </ClInclude>
    <ClInclude Include="GameTime.h">
      <Filter>Util</Filter>
    </ClInclude>
    <ClInclude Include="Logger.h">
      <Filter>Util</Filter>
    </ClInclude>
    <ClInclude Include="Transform.h">
      <Filter>Components\Core</Filter>
    </ClInclude>
    <ClInclude Include="imconfig.h">
      <Filter>ImGui</Filter>
    </ClInclude>
    <ClInclude Include="imgui.h">
      <Filter>ImGui</Filter>
    </ClInclude>
    <ClInclude Include="imgui_internal.h">
      <Filter>ImGui</Filter>
    </ClInclude>
    <ClInclude Include="implot.h">
      <Filter>ImGui</Filter>
    </ClInclude>
    <ClInclude Include="implot_internal.h">
      <Filter>ImGui</Filter>
    </ClInclude>
    <ClInclude Include="imstb_rectpack.h">
      <Filter>ImGui</Filter>
    </ClInclude>
    <ClInclude Include="imstb_textedit.h">
      <Filter>ImGui</Filter>
    </ClInclude>
    <ClInclude Include="imstb_truetype.h">
      <Filter>ImGui</Filter>
    </ClInclude>
    <ClInclude Include="imgui_impl_sdl2.h">
      <Filter>ImGui</Filter>
    </ClInclude>
    <ClInclude Include="Utils.h">
      <Filter>Util</Filter>
    </ClInclude>
    <ClInclude Include="Locator.h">
      <Filter>Locator</Filter>
    </ClInclude>
    <ClInclude Include="Audio.h">
      <Filter>Audio</Filter>
    </ClInclude>
    <ClInclude Include="SDLAudio.h">
      <Filter>Audio</Filter>
    </ClInclude>
    <ClInclude Include="NullAudio.h">
      <Filter>Audio</Filter>
    </ClInclude>
    <ClInclude Include="LogAudio.h">
      <Filter>Audio</Filter>
    </ClInclude>
    <ClInclude Include="EngineBase.h" />
  </ItemGroup>
</Project>