<?xml version="1.0" encoding="utf-8"?>
<Project ToolsVersion="4.0" xmlns="http://schemas.microsoft.com/developer/msbuild/2003">
  <ItemGroup>
    <Filter Include="GameObject">
      <UniqueIdentifier>{522755b2-d918-4c4f-8b38-7093833a2957}</UniqueIdentifier>
    </Filter>
    <Filter Include="Input">
      <UniqueIdentifier>{03e5dddd-f9e2-4510-83cc-09903abae505}</UniqueIdentifier>
    </Filter>
    <Filter Include="Scene">
      <UniqueIdentifier>{60381856-75e8-41a3-b686-f117e3c5bb73}</UniqueIdentifier>
    </Filter>
    <Filter Include="Graphics">
      <UniqueIdentifier>{f8fa0339-94be-4dcf-a078-48923946e8c2}</UniqueIdentifier>
    </Filter>
    <Filter Include="Resources">
      <UniqueIdentifier>{1564b944-283b-4c9a-8a23-5c2d936dde6c}</UniqueIdentifier>
    </Filter>
    <Filter Include="Components">
      <UniqueIdentifier>{2e21ecfd-2fc3-4e6a-8940-b859d0cb01b8}</UniqueIdentifier>
    </Filter>
    <Filter Include="Utils">
      <UniqueIdentifier>{3011a92c-a752-4c7e-a69c-36cb6cf3dcc5}</UniqueIdentifier>
    </Filter>
    <Filter Include="Engine">
      <UniqueIdentifier>{4d83096f-1869-4cc6-92af-83312aa45bac}</UniqueIdentifier>
    </Filter>
    <Filter Include="Components\Base">
      <UniqueIdentifier>{cc5685ee-ea7c-4d95-b5f9-4f3dbd4d131c}</UniqueIdentifier>
    </Filter>
    <Filter Include="Components\Game">
      <UniqueIdentifier>{208fe09a-dc1b-4629-9324-13971420d3ab}</UniqueIdentifier>
    </Filter>
    <Filter Include="Components\Engine">
      <UniqueIdentifier>{98cda564-b408-4eaa-afad-395dcbae525c}</UniqueIdentifier>
    </Filter>
    <Filter Include="ImGui">
      <UniqueIdentifier>{57ec0102-7dd2-49b9-b22e-25bbe26ade3d}</UniqueIdentifier>
    </Filter>
    <Filter Include="ImGui\Backend">
      <UniqueIdentifier>{88d6c403-a671-48a7-975d-bd0943027082}</UniqueIdentifier>
    </Filter>
    <Filter Include="ImGui\ImPlot">
      <UniqueIdentifier>{732b0a70-da8b-47a4-bf97-308dd3ac2e31}</UniqueIdentifier>
    </Filter>
    <Filter Include="Components\Game\Labs">
      <UniqueIdentifier>{be8a4b79-d91a-4d28-9e8a-ad2020433bef}</UniqueIdentifier>
    </Filter>
    <Filter Include="Command">
      <UniqueIdentifier>{ed7f302c-d2fb-4ccc-bf25-f763c6c60f25}</UniqueIdentifier>
    </Filter>
    <Filter Include="Command\Game">
      <UniqueIdentifier>{1b68d793-9b34-4354-8ffb-f0ea1fed19ac}</UniqueIdentifier>
    </Filter>
    <Filter Include="Scene\Game">
      <UniqueIdentifier>{a45134c3-fa26-4358-91a4-3648acb1af31}</UniqueIdentifier>
    </Filter>
    <Filter Include="Observer">
      <UniqueIdentifier>{e78eba12-a3b6-4e9c-abb4-5fb514822544}</UniqueIdentifier>
    </Filter>
  </ItemGroup>
  <ItemGroup>
    <ClInclude Include="GameObject.h">
      <Filter>GameObject</Filter>
    </ClInclude>
    <ClInclude Include="InputManager.h">
      <Filter>Input</Filter>
    </ClInclude>
    <ClInclude Include="Scene.h">
      <Filter>Scene</Filter>
    </ClInclude>
    <ClInclude Include="SceneManager.h">
      <Filter>Scene</Filter>
    </ClInclude>
    <ClInclude Include="Renderer.h">
      <Filter>Graphics</Filter>
    </ClInclude>
    <ClInclude Include="ResourceManager.h">
      <Filter>Resources</Filter>
    </ClInclude>
    <ClInclude Include="Texture2D.h">
      <Filter>Resources</Filter>
    </ClInclude>
    <ClInclude Include="Font.h">
      <Filter>Resources</Filter>
    </ClInclude>
    <ClInclude Include="Singleton.h">
      <Filter>Utils</Filter>
    </ClInclude>
    <ClInclude Include="stdafx.h" />
    <ClInclude Include="Minigin.h">
      <Filter>Engine</Filter>
    </ClInclude>
    <ClInclude Include="GameTime.h">
      <Filter>Utils</Filter>
    </ClInclude>
    <ClInclude Include="Logger.h">
      <Filter>Utils</Filter>
    </ClInclude>
    <ClInclude Include="Component.h">
      <Filter>Components\Base</Filter>
    </ClInclude>
    <ClInclude Include="DrawableComponent.h">
      <Filter>Components\Base</Filter>
    </ClInclude>
    <ClInclude Include="Utils.h">
      <Filter>Utils</Filter>
    </ClInclude>
    <ClInclude Include="TextComponent.h">
      <Filter>Components\Engine</Filter>
    </ClInclude>
    <ClInclude Include="Transform.h">
      <Filter>Components\Engine</Filter>
    </ClInclude>
    <ClInclude Include="imgui.h">
      <Filter>ImGui</Filter>
    </ClInclude>
    <ClInclude Include="imgui_internal.h">
      <Filter>ImGui</Filter>
    </ClInclude>
    <ClInclude Include="imstb_rectpack.h">
      <Filter>ImGui</Filter>
    </ClInclude>
    <ClInclude Include="imstb_textedit.h">
      <Filter>ImGui</Filter>
    </ClInclude>
    <ClInclude Include="imstb_truetype.h">
      <Filter>ImGui</Filter>
    </ClInclude>
    <ClInclude Include="imconfig.h">
      <Filter>ImGui</Filter>
    </ClInclude>
    <ClInclude Include="imgui_impl_sdlrenderer2.h">
      <Filter>ImGui\Backend</Filter>
    </ClInclude>
    <ClInclude Include="imgui_impl_sdl2.h">
      <Filter>ImGui\Backend</Filter>
    </ClInclude>
    <ClInclude Include="implot.h">
      <Filter>ImGui\ImPlot</Filter>
    </ClInclude>
    <ClInclude Include="implot_internal.h">
      <Filter>ImGui\ImPlot</Filter>
    </ClInclude>
    <ClInclude Include="TextureComponent.h">
      <Filter>Components\Engine</Filter>
    </ClInclude>
    <ClInclude Include="TrashTheCache.h">
      <Filter>Components\Game\Labs</Filter>
    </ClInclude>
    <ClInclude Include="FPSCounter.h">
      <Filter>Components\Game\Labs</Filter>
    </ClInclude>
    <ClInclude Include="Rotator.h">
      <Filter>Components\Game\Labs</Filter>
    </ClInclude>
    <ClInclude Include="Command.h">
      <Filter>Command</Filter>
    </ClInclude>
    <ClInclude Include="InputMap.h">
      <Filter>Input</Filter>
    </ClInclude>
    <ClInclude Include="InputTypes.h">
      <Filter>Input</Filter>
    </ClInclude>
    <ClInclude Include="GamePad.h">
      <Filter>Input</Filter>
    </ClInclude>
    <ClInclude Include="MoveCommand.h">
      <Filter>Command\Game</Filter>
    </ClInclude>
    <ClInclude Include="LoadSceneCommand.h">
      <Filter>Command\Game</Filter>
    </ClInclude>
    <ClInclude Include="LabScene.h">
      <Filter>Scene\Game</Filter>
    </ClInclude>
    <ClInclude Include="TestSecondScene.h">
      <Filter>Scene\Game</Filter>
    </ClInclude>
    <ClInclude Include="ColliderComponent.h">
      <Filter>Components\Engine</Filter>
    </ClInclude>
    <ClInclude Include="Observer.h">
      <Filter>Observer</Filter>
    </ClInclude>
    <ClInclude Include="Subject.h">
      <Filter>Observer</Filter>
    </ClInclude>
    <ClInclude Include="ColliderTest.h">
      <Filter>Components\Game\Labs</Filter>
    </ClInclude>
    <ClInclude Include="Player.h">
      <Filter>Components\Game\Labs</Filter>
    </ClInclude>
    <ClInclude Include="LivesDisplay.h">
      <Filter>Components\Game\Labs</Filter>
    </ClInclude>
    <ClInclude Include="ScoreDisplay.h">
      <Filter>Components\Game\Labs</Filter>
    </ClInclude>
    <ClInclude Include="ChangeScoreCommand.h">
      <Filter>Command\Game</Filter>
    </ClInclude>
    <ClInclude Include="Enemy.h">
      <Filter>Components\Game\Labs</Filter>
    </ClInclude>
    <ClInclude Include="DamageCommand.h">
      <Filter>Command\Game</Filter>
    </ClInclude>
  </ItemGroup>
  <ItemGroup>
    <ClCompile Include="GameObject.cpp">
      <Filter>GameObject</Filter>
    </ClCompile>
    <ClCompile Include="InputManager.cpp">
      <Filter>Input</Filter>
    </ClCompile>
    <ClCompile Include="Scene.cpp">
      <Filter>Scene</Filter>
    </ClCompile>
    <ClCompile Include="SceneManager.cpp">
      <Filter>Scene</Filter>
    </ClCompile>
    <ClCompile Include="Renderer.cpp">
      <Filter>Graphics</Filter>
    </ClCompile>
    <ClCompile Include="ResourceManager.cpp">
      <Filter>Resources</Filter>
    </ClCompile>
    <ClCompile Include="Texture2D.cpp">
      <Filter>Resources</Filter>
    </ClCompile>
    <ClCompile Include="Font.cpp">
      <Filter>Resources</Filter>
    </ClCompile>
    <ClCompile Include="stdafx.cpp" />
    <ClCompile Include="Minigin.cpp">
      <Filter>Engine</Filter>
    </ClCompile>
    <ClCompile Include="GameTime.cpp">
      <Filter>Utils</Filter>
    </ClCompile>
    <ClCompile Include="Logger.cpp">
      <Filter>Utils</Filter>
    </ClCompile>
    <ClCompile Include="Component.cpp">
      <Filter>Components\Base</Filter>
    </ClCompile>
    <ClCompile Include="DrawableComponent.cpp">
      <Filter>Components\Base</Filter>
    </ClCompile>
    <ClCompile Include="Utils.cpp">
      <Filter>Utils</Filter>
    </ClCompile>
    <ClCompile Include="TextComponent.cpp">
      <Filter>Components\Engine</Filter>
    </ClCompile>
    <ClCompile Include="Transform.cpp">
      <Filter>Components\Engine</Filter>
    </ClCompile>
    <ClCompile Include="imgui.cpp">
      <Filter>ImGui</Filter>
    </ClCompile>
    <ClCompile Include="imgui_demo.cpp">
      <Filter>ImGui</Filter>
    </ClCompile>
    <ClCompile Include="imgui_draw.cpp">
      <Filter>ImGui</Filter>
    </ClCompile>
    <ClCompile Include="imgui_tables.cpp">
      <Filter>ImGui</Filter>
    </ClCompile>
    <ClCompile Include="imgui_widgets.cpp">
      <Filter>ImGui</Filter>
    </ClCompile>
    <ClCompile Include="imgui_impl_sdlrenderer2.cpp">
      <Filter>ImGui\Backend</Filter>
    </ClCompile>
    <ClCompile Include="imgui_impl_sdl2.cpp">
      <Filter>ImGui\Backend</Filter>
    </ClCompile>
    <ClCompile Include="implot.cpp">
      <Filter>ImGui\ImPlot</Filter>
    </ClCompile>
    <ClCompile Include="implot_items.cpp">
      <Filter>ImGui\ImPlot</Filter>
    </ClCompile>
    <ClCompile Include="implot_demo.cpp">
      <Filter>ImGui\ImPlot</Filter>
    </ClCompile>
    <ClCompile Include="TextureComponent.cpp">
      <Filter>Components\Engine</Filter>
    </ClCompile>
    <ClCompile Include="main.cpp" />
    <ClCompile Include="TrashTheCache.cpp">
      <Filter>Components\Game\Labs</Filter>
    </ClCompile>
    <ClCompile Include="FPSCounter.cpp">
      <Filter>Components\Game\Labs</Filter>
    </ClCompile>
    <ClCompile Include="Rotator.cpp">
      <Filter>Components\Game\Labs</Filter>
    </ClCompile>
    <ClCompile Include="Command.cpp">
      <Filter>Command</Filter>
    </ClCompile>
    <ClCompile Include="InputMap.cpp">
      <Filter>Input</Filter>
    </ClCompile>
    <ClCompile Include="GamePad.cpp">
      <Filter>Input</Filter>
    </ClCompile>
    <ClCompile Include="MoveCommand.cpp">
      <Filter>Command\Game</Filter>
    </ClCompile>
    <ClCompile Include="LoadSceneCommand.cpp">
      <Filter>Command\Game</Filter>
    </ClCompile>
    <ClCompile Include="LabScene.cpp">
      <Filter>Scene\Game</Filter>
    </ClCompile>
    <ClCompile Include="TestSecondScene.cpp">
      <Filter>Scene\Game</Filter>
    </ClCompile>
    <ClCompile Include="ColliderComponent.cpp">
      <Filter>Components\Engine</Filter>
    </ClCompile>
    <ClCompile Include="Observer.cpp">
      <Filter>Observer</Filter>
    </ClCompile>
    <ClCompile Include="Subject.cpp">
      <Filter>Observer</Filter>
    </ClCompile>
    <ClCompile Include="ColliderTest.cpp">
      <Filter>Components\Game\Labs</Filter>
    </ClCompile>
    <ClCompile Include="Player.cpp">
      <Filter>Components\Game\Labs</Filter>
    </ClCompile>
    <ClCompile Include="LivesDisplay.cpp">
      <Filter>Components\Game\Labs</Filter>
    </ClCompile>
    <ClCompile Include="ScoreDisplay.cpp">
      <Filter>Components\Game\Labs</Filter>
    </ClCompile>
    <ClCompile Include="ChangeScoreCommand.cpp">
      <Filter>Command\Game</Filter>
    </ClCompile>
    <ClCompile Include="Enemy.cpp">
      <Filter>Components\Game\Labs</Filter>
    </ClCompile>
    <ClCompile Include="DamageCommand.cpp">
      <Filter>Command\Game</Filter>
    </ClCompile>
  </ItemGroup>
</Project>